
Microsoft Visual Studio Solution File, Format Version 12.00
# Visual Studio Version 17
VisualStudioVersion = 17.9.34622.214
MinimumVisualStudioVersion = 10.0.40219.1
Project("{9A19103F-16F7-4668-BE54-9A1E7A4F7556}") = "APCSP", "APCSP\APCSP.csproj", "{17DF51B0-9C32-4064-B416-BFD0961381FD}"
EndProject
Project("{9A19103F-16F7-4668-BE54-9A1E7A4F7556}") = "tests", "tests\tests.csproj", "{BC780C76-E537-46DE-9EFB-5A161A58E711}"
EndProject
Project("{2150E333-8FDC-42A3-9474-1A3956D46DE8}") = "Sound", "Sound", "{D4860D85-F7C5-4DA6-BB4D-E6B622CEE18F}"
	ProjectSection(SolutionItems) = preProject
		sounds\Ji.MP3 = sounds\Ji.MP3
		sounds\music.MP3 = sounds\music.MP3
	EndProjectSection
EndProject
Project("{FAE04EC0-301F-11D3-BF4B-00C04F79EFBC}") = "whole_test", "whole_test\whole_test.csproj", "{1CBD40E7-B5BD-470E-803B-45CA04606B28}"
EndProject
Global
	GlobalSection(SolutionConfigurationPlatforms) = preSolution
		Debug|Any CPU = Debug|Any CPU
		Release|Any CPU = Release|Any CPU
	EndGlobalSection
	GlobalSection(ProjectConfigurationPlatforms) = postSolution
		{17DF51B0-9C32-4064-B416-BFD0961381FD}.Debug|Any CPU.ActiveCfg = Debug|Any CPU
		{17DF51B0-9C32-4064-B416-BFD0961381FD}.Debug|Any CPU.Build.0 = Debug|Any CPU
		{17DF51B0-9C32-4064-B416-BFD0961381FD}.Release|Any CPU.ActiveCfg = Release|Any CPU
		{17DF51B0-9C32-4064-B416-BFD0961381FD}.Release|Any CPU.Build.0 = Release|Any CPU
		{BC780C76-E537-46DE-9EFB-5A161A58E711}.Debug|Any CPU.ActiveCfg = Debug|Any CPU
		{BC780C76-E537-46DE-9EFB-5A161A58E711}.Debug|Any CPU.Build.0 = Debug|Any CPU
		{BC780C76-E537-46DE-9EFB-5A161A58E711}.Release|Any CPU.ActiveCfg = Release|Any CPU
		{BC780C76-E537-46DE-9EFB-5A161A58E711}.Release|Any CPU.Build.0 = Release|Any CPU
		{1CBD40E7-B5BD-470E-803B-45CA04606B28}.Debug|Any CPU.ActiveCfg = Debug|Any CPU
		{1CBD40E7-B5BD-470E-803B-45CA04606B28}.Debug|Any CPU.Build.0 = Debug|Any CPU
		{1CBD40E7-B5BD-470E-803B-45CA04606B28}.Release|Any CPU.ActiveCfg = Release|Any CPU
		{1CBD40E7-B5BD-470E-803B-45CA04606B28}.Release|Any CPU.Build.0 = Release|Any CPU
	EndGlobalSection
	GlobalSection(SolutionProperties) = preSolution
		HideSolutionNode = FALSE
	EndGlobalSection
	GlobalSection(ExtensibilityGlobals) = postSolution
		SolutionGuid = {7EB44AEB-CD10-479E-A154-EBD1B084FB7D}
	EndGlobalSection
EndGlobal
